
Microsoft Visual Studio Solution File, Format Version 12.00
# Visual Studio Version 17
VisualStudioVersion = 17.2.32616.157
MinimumVisualStudioVersion = 10.0.40219.1
Project("{FAE04EC0-301F-11D3-BF4B-00C04F79EFBC}") = "WeatherForecast", "WeatherForecast\WeatherForecast.csproj", "{8E6B29E5-E78E-4382-B280-D67F21AABE8D}"
EndProject
Global
	GlobalSection(SolutionConfigurationPlatforms) = preSolution
		Debug|Any CPU = Debug|Any CPU
		Release|Any CPU = Release|Any CPU
	EndGlobalSection
	GlobalSection(ProjectConfigurationPlatforms) = postSolution
		{8E6B29E5-E78E-4382-B280-D67F21AABE8D}.Debug|Any CPU.ActiveCfg = Debug|Any CPU
		{8E6B29E5-E78E-4382-B280-D67F21AABE8D}.Debug|Any CPU.Build.0 = Debug|Any CPU
		{8E6B29E5-E78E-4382-B280-D67F21AABE8D}.Release|Any CPU.ActiveCfg = Release|Any CPU
		{8E6B29E5-E78E-4382-B280-D67F21AABE8D}.Release|Any CPU.Build.0 = Release|Any CPU
	EndGlobalSection
	GlobalSection(SolutionProperties) = preSolution
		HideSolutionNode = FALSE
	EndGlobalSection
	GlobalSection(ExtensibilityGlobals) = postSolution
		SolutionGuid = {5573E8B9-7D55-4231-B4FB-781250FE0DFF}
	EndGlobalSection
EndGlobal
